// !$*UTF8*$!
{
	archiveVersion = 1;
	classes = {
	};
	objectVersion = 77;
	objects = {

/* Begin PBXContainerItemProxy section */
		9C948D8A2C6FD9A8001AA0D2 /* PBXContainerItemProxy */ = {
			isa = PBXContainerItemProxy;
			containerPortal = 9C948D6B2C6FD9A7001AA0D2 /* Project object */;
			proxyType = 1;
			remoteGlobalIDString = 9C948D722C6FD9A7001AA0D2;
			remoteInfo = CleanAsyncObservation;
		};
		9C948D942C6FD9A8001AA0D2 /* PBXContainerItemProxy */ = {
			isa = PBXContainerItemProxy;
			containerPortal = 9C948D6B2C6FD9A7001AA0D2 /* Project object */;
			proxyType = 1;
			remoteGlobalIDString = 9C948D722C6FD9A7001AA0D2;
			remoteInfo = CleanAsyncObservation;
		};
/* End PBXContainerItemProxy section */

/* Begin PBXFileReference section */
		9C6E03EC2C6FDB1A0028486E /* CleanAsyncObservation.xctestplan */ = {isa = PBXFileReference; lastKnownFileType = text; path = CleanAsyncObservation.xctestplan; sourceTree = "<group>"; };
		9C948D732C6FD9A7001AA0D2 /* CleanAsyncObservation.app */ = {isa = PBXFileReference; explicitFileType = wrapper.application; includeInIndex = 0; path = CleanAsyncObservation.app; sourceTree = BUILT_PRODUCTS_DIR; };
		9C948D892C6FD9A8001AA0D2 /* CleanAsyncObservationTests.xctest */ = {isa = PBXFileReference; explicitFileType = wrapper.cfbundle; includeInIndex = 0; path = CleanAsyncObservationTests.xctest; sourceTree = BUILT_PRODUCTS_DIR; };
		9C948D932C6FD9A8001AA0D2 /* CleanAsyncObservationUITests.xctest */ = {isa = PBXFileReference; explicitFileType = wrapper.cfbundle; includeInIndex = 0; path = CleanAsyncObservationUITests.xctest; sourceTree = BUILT_PRODUCTS_DIR; };
/* End PBXFileReference section */

/* Begin PBXFileSystemSynchronizedBuildFileExceptionSet section */
		9C948D9B2C6FD9A8001AA0D2 /* Exceptions for "CleanAsyncObservation" folder in "CleanAsyncObservation" target */ = {
			isa = PBXFileSystemSynchronizedBuildFileExceptionSet;
			membershipExceptions = (
				"/Localized: LaunchScreen.storyboard",
				"/Localized: Main.storyboard",
				Info.plist,
			);
			target = 9C948D722C6FD9A7001AA0D2 /* CleanAsyncObservation */;
		};
/* End PBXFileSystemSynchronizedBuildFileExceptionSet section */

/* Begin PBXFileSystemSynchronizedGroupBuildPhaseMembershipExceptionSet section */
		9C948D9F2C6FD9A8001AA0D2 /* Exceptions for "CleanAsyncObservation" folder in "Copy Bundle Resources" phase from "CleanAsyncObservation" target */ = {
			isa = PBXFileSystemSynchronizedGroupBuildPhaseMembershipExceptionSet;
			buildPhase = 9C948D712C6FD9A7001AA0D2 /* Resources */;
			membershipExceptions = (
				Base.lproj/LaunchScreen.storyboard,
				Base.lproj/Main.storyboard,
			);
		};
/* End PBXFileSystemSynchronizedGroupBuildPhaseMembershipExceptionSet section */

/* Begin PBXFileSystemSynchronizedRootGroup section */
		9C948D752C6FD9A7001AA0D2 /* CleanAsyncObservation */ = {
			isa = PBXFileSystemSynchronizedRootGroup;
			exceptions = (
				9C948D9B2C6FD9A8001AA0D2 /* Exceptions for "CleanAsyncObservation" folder in "CleanAsyncObservation" target */,
				9C948D9F2C6FD9A8001AA0D2 /* Exceptions for "CleanAsyncObservation" folder in "Copy Bundle Resources" phase from "CleanAsyncObservation" target */,
			);
			path = CleanAsyncObservation;
			sourceTree = "<group>";
		};
		9C948D8C2C6FD9A8001AA0D2 /* CleanAsyncObservationTests */ = {
			isa = PBXFileSystemSynchronizedRootGroup;
			path = CleanAsyncObservationTests;
			sourceTree = "<group>";
		};
		9C948D962C6FD9A8001AA0D2 /* CleanAsyncObservationUITests */ = {
			isa = PBXFileSystemSynchronizedRootGroup;
			path = CleanAsyncObservationUITests;
			sourceTree = "<group>";
		};
/* End PBXFileSystemSynchronizedRootGroup section */

/* Begin PBXFrameworksBuildPhase section */
		9C948D702C6FD9A7001AA0D2 /* Frameworks */ = {
			isa = PBXFrameworksBuildPhase;
			buildActionMask = 2147483647;
			files = (
			);
			runOnlyForDeploymentPostprocessing = 0;
		};
		9C948D862C6FD9A8001AA0D2 /* Frameworks */ = {
			isa = PBXFrameworksBuildPhase;
			buildActionMask = 2147483647;
			files = (
			);
			runOnlyForDeploymentPostprocessing = 0;
		};
		9C948D902C6FD9A8001AA0D2 /* Frameworks */ = {
			isa = PBXFrameworksBuildPhase;
			buildActionMask = 2147483647;
			files = (
			);
			runOnlyForDeploymentPostprocessing = 0;
		};
/* End PBXFrameworksBuildPhase section */

/* Begin PBXGroup section */
		9C948D6A2C6FD9A7001AA0D2 = {
			isa = PBXGroup;
			children = (
				9C6E03EC2C6FDB1A0028486E /* CleanAsyncObservation.xctestplan */,
				9C948D752C6FD9A7001AA0D2 /* CleanAsyncObservation */,
				9C948D8C2C6FD9A8001AA0D2 /* CleanAsyncObservationTests */,
				9C948D962C6FD9A8001AA0D2 /* CleanAsyncObservationUITests */,
				9C948D742C6FD9A7001AA0D2 /* Products */,
			);
			sourceTree = "<group>";
		};
		9C948D742C6FD9A7001AA0D2 /* Products */ = {
			isa = PBXGroup;
			children = (
				9C948D732C6FD9A7001AA0D2 /* CleanAsyncObservation.app */,
				9C948D892C6FD9A8001AA0D2 /* CleanAsyncObservationTests.xctest */,
				9C948D932C6FD9A8001AA0D2 /* CleanAsyncObservationUITests.xctest */,
			);
			name = Products;
			sourceTree = "<group>";
		};
/* End PBXGroup section */

/* Begin PBXNativeTarget section */
		9C948D722C6FD9A7001AA0D2 /* CleanAsyncObservation */ = {
			isa = PBXNativeTarget;
			buildConfigurationList = 9C948D9C2C6FD9A8001AA0D2 /* Build configuration list for PBXNativeTarget "CleanAsyncObservation" */;
			buildPhases = (
				9C948D6F2C6FD9A7001AA0D2 /* Sources */,
				9C948D702C6FD9A7001AA0D2 /* Frameworks */,
				9C948D712C6FD9A7001AA0D2 /* Resources */,
			);
			buildRules = (
			);
			dependencies = (
			);
			fileSystemSynchronizedGroups = (
				9C948D752C6FD9A7001AA0D2 /* CleanAsyncObservation */,
			);
			name = CleanAsyncObservation;
			packageProductDependencies = (
			);
			productName = CleanAsyncObservation;
			productReference = 9C948D732C6FD9A7001AA0D2 /* CleanAsyncObservation.app */;
			productType = "com.apple.product-type.application";
		};
		9C948D882C6FD9A8001AA0D2 /* CleanAsyncObservationTests */ = {
			isa = PBXNativeTarget;
			buildConfigurationList = 9C948DA22C6FD9A8001AA0D2 /* Build configuration list for PBXNativeTarget "CleanAsyncObservationTests" */;
			buildPhases = (
				9C948D852C6FD9A8001AA0D2 /* Sources */,
				9C948D862C6FD9A8001AA0D2 /* Frameworks */,
				9C948D872C6FD9A8001AA0D2 /* Resources */,
			);
			buildRules = (
			);
			dependencies = (
				9C948D8B2C6FD9A8001AA0D2 /* PBXTargetDependency */,
			);
			fileSystemSynchronizedGroups = (
				9C948D8C2C6FD9A8001AA0D2 /* CleanAsyncObservationTests */,
			);
			name = CleanAsyncObservationTests;
			packageProductDependencies = (
			);
			productName = CleanAsyncObservationTests;
			productReference = 9C948D892C6FD9A8001AA0D2 /* CleanAsyncObservationTests.xctest */;
			productType = "com.apple.product-type.bundle.unit-test";
		};
		9C948D922C6FD9A8001AA0D2 /* CleanAsyncObservationUITests */ = {
			isa = PBXNativeTarget;
			buildConfigurationList = 9C948DA52C6FD9A8001AA0D2 /* Build configuration list for PBXNativeTarget "CleanAsyncObservationUITests" */;
			buildPhases = (
				9C948D8F2C6FD9A8001AA0D2 /* Sources */,
				9C948D902C6FD9A8001AA0D2 /* Frameworks */,
				9C948D912C6FD9A8001AA0D2 /* Resources */,
			);
			buildRules = (
			);
			dependencies = (
				9C948D952C6FD9A8001AA0D2 /* PBXTargetDependency */,
			);
			fileSystemSynchronizedGroups = (
				9C948D962C6FD9A8001AA0D2 /* CleanAsyncObservationUITests */,
			);
			name = CleanAsyncObservationUITests;
			packageProductDependencies = (
			);
			productName = CleanAsyncObservationUITests;
			productReference = 9C948D932C6FD9A8001AA0D2 /* CleanAsyncObservationUITests.xctest */;
			productType = "com.apple.product-type.bundle.ui-testing";
		};
/* End PBXNativeTarget section */

/* Begin PBXProject section */
		9C948D6B2C6FD9A7001AA0D2 /* Project object */ = {
			isa = PBXProject;
			attributes = {
				BuildIndependentTargetsInParallel = 1;
				LastSwiftUpdateCheck = 1610;
				LastUpgradeCheck = 1610;
				TargetAttributes = {
					9C948D722C6FD9A7001AA0D2 = {
						CreatedOnToolsVersion = 16.1;
					};
					9C948D882C6FD9A8001AA0D2 = {
						CreatedOnToolsVersion = 16.1;
						TestTargetID = 9C948D722C6FD9A7001AA0D2;
					};
					9C948D922C6FD9A8001AA0D2 = {
						CreatedOnToolsVersion = 16.1;
						TestTargetID = 9C948D722C6FD9A7001AA0D2;
					};
				};
			};
			buildConfigurationList = 9C948D6E2C6FD9A7001AA0D2 /* Build configuration list for PBXProject "CleanAsyncObservation" */;
			developmentRegion = en;
			hasScannedForEncodings = 0;
			knownRegions = (
				en,
				Base,
			);
			mainGroup = 9C948D6A2C6FD9A7001AA0D2;
			minimizedProjectReferenceProxies = 1;
			preferredProjectObjectVersion = 77;
			productRefGroup = 9C948D742C6FD9A7001AA0D2 /* Products */;
			projectDirPath = "";
			projectRoot = "";
			targets = (
				9C948D722C6FD9A7001AA0D2 /* CleanAsyncObservation */,
				9C948D882C6FD9A8001AA0D2 /* CleanAsyncObservationTests */,
				9C948D922C6FD9A8001AA0D2 /* CleanAsyncObservationUITests */,
			);
		};
/* End PBXProject section */

/* Begin PBXResourcesBuildPhase section */
		9C948D712C6FD9A7001AA0D2 /* Resources */ = {
			isa = PBXResourcesBuildPhase;
			buildActionMask = 2147483647;
			files = (
			);
			runOnlyForDeploymentPostprocessing = 0;
		};
		9C948D872C6FD9A8001AA0D2 /* Resources */ = {
			isa = PBXResourcesBuildPhase;
			buildActionMask = 2147483647;
			files = (
			);
			runOnlyForDeploymentPostprocessing = 0;
		};
		9C948D912C6FD9A8001AA0D2 /* Resources */ = {
			isa = PBXResourcesBuildPhase;
			buildActionMask = 2147483647;
			files = (
			);
			runOnlyForDeploymentPostprocessing = 0;
		};
/* End PBXResourcesBuildPhase section */

/* Begin PBXSourcesBuildPhase section */
		9C948D6F2C6FD9A7001AA0D2 /* Sources */ = {
			isa = PBXSourcesBuildPhase;
			buildActionMask = 2147483647;
			files = (
			);
			runOnlyForDeploymentPostprocessing = 0;
		};
		9C948D852C6FD9A8001AA0D2 /* Sources */ = {
			isa = PBXSourcesBuildPhase;
			buildActionMask = 2147483647;
			files = (
			);
			runOnlyForDeploymentPostprocessing = 0;
		};
		9C948D8F2C6FD9A8001AA0D2 /* Sources */ = {
			isa = PBXSourcesBuildPhase;
			buildActionMask = 2147483647;
			files = (
			);
			runOnlyForDeploymentPostprocessing = 0;
		};
/* End PBXSourcesBuildPhase section */

/* Begin PBXTargetDependency section */
		9C948D8B2C6FD9A8001AA0D2 /* PBXTargetDependency */ = {
			isa = PBXTargetDependency;
			target = 9C948D722C6FD9A7001AA0D2 /* CleanAsyncObservation */;
			targetProxy = 9C948D8A2C6FD9A8001AA0D2 /* PBXContainerItemProxy */;
		};
		9C948D952C6FD9A8001AA0D2 /* PBXTargetDependency */ = {
			isa = PBXTargetDependency;
			target = 9C948D722C6FD9A7001AA0D2 /* CleanAsyncObservation */;
			targetProxy = 9C948D942C6FD9A8001AA0D2 /* PBXContainerItemProxy */;
		};
/* End PBXTargetDependency section */

/* Begin XCBuildConfiguration section */
		9C948D9D2C6FD9A8001AA0D2 /* Debug */ = {
			isa = XCBuildConfiguration;
			buildSettings = {
				ASSETCATALOG_COMPILER_APPICON_NAME = AppIcon;
				ASSETCATALOG_COMPILER_GLOBAL_ACCENT_COLOR_NAME = AccentColor;
				CODE_SIGN_STYLE = Automatic;
				CURRENT_PROJECT_VERSION = 1;
				DEVELOPMENT_TEAM = FVH6V77N95;
				GENERATE_INFOPLIST_FILE = YES;
				INFOPLIST_FILE = CleanAsyncObservation/Info.plist;
				INFOPLIST_KEY_UIApplicationSupportsIndirectInputEvents = YES;
				INFOPLIST_KEY_UILaunchStoryboardName = LaunchScreen;
				INFOPLIST_KEY_UIMainStoryboardFile = Main;
				INFOPLIST_KEY_UISupportedInterfaceOrientations_iPad = "UIInterfaceOrientationPortrait UIInterfaceOrientationPortraitUpsideDown UIInterfaceOrientationLandscapeLeft UIInterfaceOrientationLandscapeRight";
				INFOPLIST_KEY_UISupportedInterfaceOrientations_iPhone = "UIInterfaceOrientationPortrait UIInterfaceOrientationLandscapeLeft UIInterfaceOrientationLandscapeRight";
				LD_RUNPATH_SEARCH_PATHS = (
					"$(inherited)",
					"@executable_path/Frameworks",
				);
				MARKETING_VERSION = 1.0;
				PRODUCT_BUNDLE_IDENTIFIER = com.cesmejia.CleanAsyncObservation;
				PRODUCT_NAME = "$(TARGET_NAME)";
				SWIFT_EMIT_LOC_STRINGS = YES;
				SWIFT_STRICT_CONCURRENCY = complete;
				SWIFT_VERSION = 6.0;
				TARGETED_DEVICE_FAMILY = "1,2";
			};
			name = Debug;
		};
		9C948D9E2C6FD9A8001AA0D2 /* Release */ = {
			isa = XCBuildConfiguration;
			buildSettings = {
				ASSETCATALOG_COMPILER_APPICON_NAME = AppIcon;
				ASSETCATALOG_COMPILER_GLOBAL_ACCENT_COLOR_NAME = AccentColor;
				CODE_SIGN_STYLE = Automatic;
				CURRENT_PROJECT_VERSION = 1;
				DEVELOPMENT_TEAM = FVH6V77N95;
				GENERATE_INFOPLIST_FILE = YES;
				INFOPLIST_FILE = CleanAsyncObservation/Info.plist;
				INFOPLIST_KEY_UIApplicationSupportsIndirectInputEvents = YES;
				INFOPLIST_KEY_UILaunchStoryboardName = LaunchScreen;
				INFOPLIST_KEY_UIMainStoryboardFile = Main;
				INFOPLIST_KEY_UISupportedInterfaceOrientations_iPad = "UIInterfaceOrientationPortrait UIInterfaceOrientationPortraitUpsideDown UIInterfaceOrientationLandscapeLeft UIInterfaceOrientationLandscapeRight";
				INFOPLIST_KEY_UISupportedInterfaceOrientations_iPhone = "UIInterfaceOrientationPortrait UIInterfaceOrientationLandscapeLeft UIInterfaceOrientationLandscapeRight";
				LD_RUNPATH_SEARCH_PATHS = (
					"$(inherited)",
					"@executable_path/Frameworks",
				);
				MARKETING_VERSION = 1.0;
				PRODUCT_BUNDLE_IDENTIFIER = com.cesmejia.CleanAsyncObservation;
				PRODUCT_NAME = "$(TARGET_NAME)";
				SWIFT_EMIT_LOC_STRINGS = YES;
				SWIFT_STRICT_CONCURRENCY = complete;
				SWIFT_VERSION = 6.0;
				TARGETED_DEVICE_FAMILY = "1,2";
			};
			name = Release;
		};
		9C948DA02C6FD9A8001AA0D2 /* Debug */ = {
			isa = XCBuildConfiguration;
			buildSettings = {
				ALWAYS_SEARCH_USER_PATHS = NO;
				ASSETCATALOG_COMPILER_GENERATE_SWIFT_ASSET_SYMBOL_EXTENSIONS = YES;
				CLANG_ANALYZER_NONNULL = YES;
				CLANG_ANALYZER_NUMBER_OBJECT_CONVERSION = YES_AGGRESSIVE;
				CLANG_CXX_LANGUAGE_STANDARD = "gnu++20";
				CLANG_ENABLE_MODULES = YES;
				CLANG_ENABLE_OBJC_ARC = YES;
				CLANG_ENABLE_OBJC_WEAK = YES;
				CLANG_WARN_BLOCK_CAPTURE_AUTORELEASING = YES;
				CLANG_WARN_BOOL_CONVERSION = YES;
				CLANG_WARN_COMMA = YES;
				CLANG_WARN_CONSTANT_CONVERSION = YES;
				CLANG_WARN_DEPRECATED_OBJC_IMPLEMENTATIONS = YES;
				CLANG_WARN_DIRECT_OBJC_ISA_USAGE = YES_ERROR;
				CLANG_WARN_DOCUMENTATION_COMMENTS = YES;
				CLANG_WARN_EMPTY_BODY = YES;
				CLANG_WARN_ENUM_CONVERSION = YES;
				CLANG_WARN_INFINITE_RECURSION = YES;
				CLANG_WARN_INT_CONVERSION = YES;
				CLANG_WARN_NON_LITERAL_NULL_CONVERSION = YES;
				CLANG_WARN_OBJC_IMPLICIT_RETAIN_SELF = YES;
				CLANG_WARN_OBJC_LITERAL_CONVERSION = YES;
				CLANG_WARN_OBJC_ROOT_CLASS = YES_ERROR;
				CLANG_WARN_QUOTED_INCLUDE_IN_FRAMEWORK_HEADER = YES;
				CLANG_WARN_RANGE_LOOP_ANALYSIS = YES;
				CLANG_WARN_STRICT_PROTOTYPES = YES;
				CLANG_WARN_SUSPICIOUS_MOVE = YES;
				CLANG_WARN_UNGUARDED_AVAILABILITY = YES_AGGRESSIVE;
				CLANG_WARN_UNREACHABLE_CODE = YES;
				CLANG_WARN__DUPLICATE_METHOD_MATCH = YES;
				COPY_PHASE_STRIP = NO;
				DEBUG_INFORMATION_FORMAT = dwarf;
				ENABLE_STRICT_OBJC_MSGSEND = YES;
				ENABLE_TESTABILITY = YES;
				ENABLE_USER_SCRIPT_SANDBOXING = YES;
				GCC_C_LANGUAGE_STANDARD = gnu17;
				GCC_DYNAMIC_NO_PIC = NO;
				GCC_NO_COMMON_BLOCKS = YES;
				GCC_OPTIMIZATION_LEVEL = 0;
				GCC_PREPROCESSOR_DEFINITIONS = (
					"DEBUG=1",
					"$(inherited)",
				);
				GCC_WARN_64_TO_32_BIT_CONVERSION = YES;
				GCC_WARN_ABOUT_RETURN_TYPE = YES_ERROR;
				GCC_WARN_UNDECLARED_SELECTOR = YES;
				GCC_WARN_UNINITIALIZED_AUTOS = YES_AGGRESSIVE;
				GCC_WARN_UNUSED_FUNCTION = YES;
				GCC_WARN_UNUSED_VARIABLE = YES;
				IPHONEOS_DEPLOYMENT_TARGET = 18.1;
				LOCALIZATION_PREFERS_STRING_CATALOGS = YES;
				MTL_ENABLE_DEBUG_INFO = INCLUDE_SOURCE;
				MTL_FAST_MATH = YES;
				ONLY_ACTIVE_ARCH = YES;
				SDKROOT = iphoneos;
				SWIFT_ACTIVE_COMPILATION_CONDITIONS = "DEBUG $(inherited)";
				SWIFT_OPTIMIZATION_LEVEL = "-Onone";
				SWIFT_STRICT_CONCURRENCY = complete;
				SWIFT_VERSION = 6.0;
			};
			name = Debug;
		};
		9C948DA12C6FD9A8001AA0D2 /* Release */ = {
			isa = XCBuildConfiguration;
			buildSettings = {
				ALWAYS_SEARCH_USER_PATHS = NO;
				ASSETCATALOG_COMPILER_GENERATE_SWIFT_ASSET_SYMBOL_EXTENSIONS = YES;
				CLANG_ANALYZER_NONNULL = YES;
				CLANG_ANALYZER_NUMBER_OBJECT_CONVERSION = YES_AGGRESSIVE;
				CLANG_CXX_LANGUAGE_STANDARD = "gnu++20";
				CLANG_ENABLE_MODULES = YES;
				CLANG_ENABLE_OBJC_ARC = YES;
				CLANG_ENABLE_OBJC_WEAK = YES;
				CLANG_WARN_BLOCK_CAPTURE_AUTORELEASING = YES;
				CLANG_WARN_BOOL_CONVERSION = YES;
				CLANG_WARN_COMMA = YES;
				CLANG_WARN_CONSTANT_CONVERSION = YES;
				CLANG_WARN_DEPRECATED_OBJC_IMPLEMENTATIONS = YES;
				CLANG_WARN_DIRECT_OBJC_ISA_USAGE = YES_ERROR;
				CLANG_WARN_DOCUMENTATION_COMMENTS = YES;
				CLANG_WARN_EMPTY_BODY = YES;
				CLANG_WARN_ENUM_CONVERSION = YES;
				CLANG_WARN_INFINITE_RECURSION = YES;
				CLANG_WARN_INT_CONVERSION = YES;
				CLANG_WARN_NON_LITERAL_NULL_CONVERSION = YES;
				CLANG_WARN_OBJC_IMPLICIT_RETAIN_SELF = YES;
				CLANG_WARN_OBJC_LITERAL_CONVERSION = YES;
				CLANG_WARN_OBJC_ROOT_CLASS = YES_ERROR;
				CLANG_WARN_QUOTED_INCLUDE_IN_FRAMEWORK_HEADER = YES;
				CLANG_WARN_RANGE_LOOP_ANALYSIS = YES;
				CLANG_WARN_STRICT_PROTOTYPES = YES;
				CLANG_WARN_SUSPICIOUS_MOVE = YES;
				CLANG_WARN_UNGUARDED_AVAILABILITY = YES_AGGRESSIVE;
				CLANG_WARN_UNREACHABLE_CODE = YES;
				CLANG_WARN__DUPLICATE_METHOD_MATCH = YES;
				COPY_PHASE_STRIP = NO;
				DEBUG_INFORMATION_FORMAT = "dwarf-with-dsym";
				ENABLE_NS_ASSERTIONS = NO;
				ENABLE_STRICT_OBJC_MSGSEND = YES;
				ENABLE_USER_SCRIPT_SANDBOXING = YES;
				GCC_C_LANGUAGE_STANDARD = gnu17;
				GCC_NO_COMMON_BLOCKS = YES;
				GCC_WARN_64_TO_32_BIT_CONVERSION = YES;
				GCC_WARN_ABOUT_RETURN_TYPE = YES_ERROR;
				GCC_WARN_UNDECLARED_SELECTOR = YES;
				GCC_WARN_UNINITIALIZED_AUTOS = YES_AGGRESSIVE;
				GCC_WARN_UNUSED_FUNCTION = YES;
				GCC_WARN_UNUSED_VARIABLE = YES;
				IPHONEOS_DEPLOYMENT_TARGET = 18.1;
				LOCALIZATION_PREFERS_STRING_CATALOGS = YES;
				MTL_ENABLE_DEBUG_INFO = NO;
				MTL_FAST_MATH = YES;
				SDKROOT = iphoneos;
				SWIFT_COMPILATION_MODE = wholemodule;
				SWIFT_STRICT_CONCURRENCY = complete;
				SWIFT_VERSION = 6.0;
				VALIDATE_PRODUCT = YES;
			};
			name = Release;
		};
		9C948DA32C6FD9A8001AA0D2 /* Debug */ = {
			isa = XCBuildConfiguration;
			buildSettings = {
				BUNDLE_LOADER = "$(TEST_HOST)";
				CODE_SIGN_STYLE = Automatic;
				CURRENT_PROJECT_VERSION = 1;
				DEVELOPMENT_TEAM = FVH6V77N95;
				GENERATE_INFOPLIST_FILE = YES;
				IPHONEOS_DEPLOYMENT_TARGET = 18.1;
				MARKETING_VERSION = 1.0;
				PRODUCT_BUNDLE_IDENTIFIER = com.cesmejia.CleanAsyncObservationTests;
				PRODUCT_NAME = "$(TARGET_NAME)";
				SWIFT_EMIT_LOC_STRINGS = NO;
				SWIFT_STRICT_CONCURRENCY = complete;
				SWIFT_VERSION = 6.0;
				TARGETED_DEVICE_FAMILY = "1,2";
				TEST_HOST = "$(BUILT_PRODUCTS_DIR)/CleanAsyncObservation.app/$(BUNDLE_EXECUTABLE_FOLDER_PATH)/CleanAsyncObservation";
			};
			name = Debug;
		};
		9C948DA42C6FD9A8001AA0D2 /* Release */ = {
			isa = XCBuildConfiguration;
			buildSettings = {
				BUNDLE_LOADER = "$(TEST_HOST)";
				CODE_SIGN_STYLE = Automatic;
				CURRENT_PROJECT_VERSION = 1;
				DEVELOPMENT_TEAM = FVH6V77N95;
				GENERATE_INFOPLIST_FILE = YES;
				IPHONEOS_DEPLOYMENT_TARGET = 18.1;
				MARKETING_VERSION = 1.0;
				PRODUCT_BUNDLE_IDENTIFIER = com.cesmejia.CleanAsyncObservationTests;
				PRODUCT_NAME = "$(TARGET_NAME)";
				SWIFT_EMIT_LOC_STRINGS = NO;
				SWIFT_STRICT_CONCURRENCY = complete;
				SWIFT_VERSION = 6.0;
				TARGETED_DEVICE_FAMILY = "1,2";
				TEST_HOST = "$(BUILT_PRODUCTS_DIR)/CleanAsyncObservation.app/$(BUNDLE_EXECUTABLE_FOLDER_PATH)/CleanAsyncObservation";
			};
			name = Release;
		};
		9C948DA62C6FD9A8001AA0D2 /* Debug */ = {
			isa = XCBuildConfiguration;
			buildSettings = {
				CODE_SIGN_STYLE = Automatic;
				CURRENT_PROJECT_VERSION = 1;
				DEVELOPMENT_TEAM = FVH6V77N95;
				GENERATE_INFOPLIST_FILE = YES;
				MARKETING_VERSION = 1.0;
				PRODUCT_BUNDLE_IDENTIFIER = com.cesmejia.CleanAsyncObservationUITests;
				PRODUCT_NAME = "$(TARGET_NAME)";
				SWIFT_EMIT_LOC_STRINGS = NO;
				SWIFT_STRICT_CONCURRENCY = complete;
				SWIFT_VERSION = 6.0;
				TARGETED_DEVICE_FAMILY = "1,2";
				TEST_TARGET_NAME = CleanAsyncObservation;
			};
			name = Debug;
		};
		9C948DA72C6FD9A8001AA0D2 /* Release */ = {
			isa = XCBuildConfiguration;
			buildSettings = {
				CODE_SIGN_STYLE = Automatic;
				CURRENT_PROJECT_VERSION = 1;
				DEVELOPMENT_TEAM = FVH6V77N95;
				GENERATE_INFOPLIST_FILE = YES;
				MARKETING_VERSION = 1.0;
				PRODUCT_BUNDLE_IDENTIFIER = com.cesmejia.CleanAsyncObservationUITests;
				PRODUCT_NAME = "$(TARGET_NAME)";
				SWIFT_EMIT_LOC_STRINGS = NO;
				SWIFT_STRICT_CONCURRENCY = complete;
				SWIFT_VERSION = 6.0;
				TARGETED_DEVICE_FAMILY = "1,2";
				TEST_TARGET_NAME = CleanAsyncObservation;
			};
			name = Release;
		};
/* End XCBuildConfiguration section */

/* Begin XCConfigurationList section */
		9C948D6E2C6FD9A7001AA0D2 /* Build configuration list for PBXProject "CleanAsyncObservation" */ = {
			isa = XCConfigurationList;
			buildConfigurations = (
				9C948DA02C6FD9A8001AA0D2 /* Debug */,
				9C948DA12C6FD9A8001AA0D2 /* Release */,
			);
			defaultConfigurationIsVisible = 0;
			defaultConfigurationName = Release;
		};
		9C948D9C2C6FD9A8001AA0D2 /* Build configuration list for PBXNativeTarget "CleanAsyncObservation" */ = {
			isa = XCConfigurationList;
			buildConfigurations = (
				9C948D9D2C6FD9A8001AA0D2 /* Debug */,
				9C948D9E2C6FD9A8001AA0D2 /* Release */,
			);
			defaultConfigurationIsVisible = 0;
			defaultConfigurationName = Release;
		};
		9C948DA22C6FD9A8001AA0D2 /* Build configuration list for PBXNativeTarget "CleanAsyncObservationTests" */ = {
			isa = XCConfigurationList;
			buildConfigurations = (
				9C948DA32C6FD9A8001AA0D2 /* Debug */,
				9C948DA42C6FD9A8001AA0D2 /* Release */,
			);
			defaultConfigurationIsVisible = 0;
			defaultConfigurationName = Release;
		};
		9C948DA52C6FD9A8001AA0D2 /* Build configuration list for PBXNativeTarget "CleanAsyncObservationUITests" */ = {
			isa = XCConfigurationList;
			buildConfigurations = (
				9C948DA62C6FD9A8001AA0D2 /* Debug */,
				9C948DA72C6FD9A8001AA0D2 /* Release */,
			);
			defaultConfigurationIsVisible = 0;
			defaultConfigurationName = Release;
		};
/* End XCConfigurationList section */
	};
	rootObject = 9C948D6B2C6FD9A7001AA0D2 /* Project object */;
}
